<Solution>
  <Project Path="CinnabarSharp.Benchmarks/CinnabarSharp.Benchmarks.csproj" />
  <Project Path="CinnabarSharp.Core.Tests/CinnabarSharp.Core.Tests.csproj" />
  <Project Path="CinnabarSharp.Core/CinnabarSharp.Core.csproj" />
  <Project Path="CinnabarSharp.Desktop.Tests/CinnabarSharp.Desktop.Tests.csproj" />
  <Project Path="CinnabarSharp.Desktop/CinnabarSharp.Desktop.csproj" />
  <Project Path="CinnabarSharp.Vector.Tests/CinnabarSharp.Vector.Tests.csproj" />
  <Project Path="CinnabarSharp.Vector/CinnabarSharp.Vector.csproj" />
  <Project Path="CinnabarSharp.Mcp.Tests/CinnabarSharp.Mcp.Tests.csproj" />
  <Project Path="CinnabarSharp.Mcp/CinnabarSharp.Mcp.csproj" />
</Solution>
